// !$*UTF8*$!
{
	archiveVersion = 1;
	classes = {
	};
	objectVersion = 46;
	objects = {

/* Begin PBXBuildFile section */
		2B90D1F61C73812400A04A78 /* AppDelegate.swift in Sources */ = {isa = PBXBuildFile; fileRef = 2B90D1F51C73812400A04A78 /* AppDelegate.swift */; };
		2B90D1FB1C73812400A04A78 /* Main.storyboard in Resources */ = {isa = PBXBuildFile; fileRef = 2B90D1F91C73812400A04A78 /* Main.storyboard */; };
		2B90D1FE1C73812400A04A78 /* TableViewTemplate.xcdatamodeld in Sources */ = {isa = PBXBuildFile; fileRef = 2B90D1FC1C73812400A04A78 /* TableViewTemplate.xcdatamodeld */; };
		2B90D2001C73812400A04A78 /* Assets.xcassets in Resources */ = {isa = PBXBuildFile; fileRef = 2B90D1FF1C73812400A04A78 /* Assets.xcassets */; };
		2B90D2031C73812400A04A78 /* LaunchScreen.storyboard in Resources */ = {isa = PBXBuildFile; fileRef = 2B90D2011C73812400A04A78 /* LaunchScreen.storyboard */; };
		2B90D20B1C73818600A04A78 /* TableViewController.swift in Sources */ = {isa = PBXBuildFile; fileRef = 2B90D20A1C73818600A04A78 /* TableViewController.swift */; };
/* End PBXBuildFile section */

/* Begin PBXFileReference section */
		2B90D1F21C73812300A04A78 /* TableViewTemplate.app */ = {isa = PBXFileReference; explicitFileType = wrapper.application; includeInIndex = 0; path = TableViewTemplate.app; sourceTree = BUILT_PRODUCTS_DIR; };
		2B90D1F51C73812400A04A78 /* AppDelegate.swift */ = {isa = PBXFileReference; lastKnownFileType = sourcecode.swift; path = AppDelegate.swift; sourceTree = "<group>"; };
		2B90D1FA1C73812400A04A78 /* Base */ = {isa = PBXFileReference; lastKnownFileType = file.storyboard; name = Base; path = Base.lproj/Main.storyboard; sourceTree = "<group>"; };
		2B90D1FD1C73812400A04A78 /* TableViewTemplate.xcdatamodel */ = {isa = PBXFileReference; lastKnownFileType = wrapper.xcdatamodel; path = TableViewTemplate.xcdatamodel; sourceTree = "<group>"; };
		2B90D1FF1C73812400A04A78 /* Assets.xcassets */ = {isa = PBXFileReference; lastKnownFileType = folder.assetcatalog; path = Assets.xcassets; sourceTree = "<group>"; };
		2B90D2021C73812400A04A78 /* Base */ = {isa = PBXFileReference; lastKnownFileType = file.storyboard; name = Base; path = Base.lproj/LaunchScreen.storyboard; sourceTree = "<group>"; };
		2B90D2041C73812400A04A78 /* Info.plist */ = {isa = PBXFileReference; lastKnownFileType = text.plist.xml; path = Info.plist; sourceTree = "<group>"; };
		2B90D20A1C73818600A04A78 /* TableViewController.swift */ = {isa = PBXFileReference; fileEncoding = 4; lastKnownFileType = sourcecode.swift; path = TableViewController.swift; sourceTree = "<group>"; };
/* End PBXFileReference section */

/* Begin PBXFrameworksBuildPhase section */
		2B90D1EF1C73812300A04A78 /* Frameworks */ = {
			isa = PBXFrameworksBuildPhase;
			buildActionMask = 2147483647;
			files = (
			);
			runOnlyForDeploymentPostprocessing = 0;
		};
/* End PBXFrameworksBuildPhase section */

/* Begin PBXGroup section */
		2B90D1E91C73812300A04A78 = {
			isa = PBXGroup;
			children = (
				2B90D1F41C73812400A04A78 /* TableViewTemplate */,
				2B90D1F31C73812300A04A78 /* Products */,
			);
			sourceTree = "<group>";
		};
		2B90D1F31C73812300A04A78 /* Products */ = {
			isa = PBXGroup;
			children = (
				2B90D1F21C73812300A04A78 /* TableViewTemplate.app */,
			);
			name = Products;
			sourceTree = "<group>";
		};
		2B90D1F41C73812400A04A78 /* TableViewTemplate */ = {
			isa = PBXGroup;
			children = (
				2B90D1F51C73812400A04A78 /* AppDelegate.swift */,
				2B90D20A1C73818600A04A78 /* TableViewController.swift */,
				2B90D1F91C73812400A04A78 /* Main.storyboard */,
				2B90D1FF1C73812400A04A78 /* Assets.xcassets */,
				2B90D2011C73812400A04A78 /* LaunchScreen.storyboard */,
				2B90D2041C73812400A04A78 /* Info.plist */,
				2B90D1FC1C73812400A04A78 /* TableViewTemplate.xcdatamodeld */,
			);
			path = TableViewTemplate;
			sourceTree = "<group>";
		};
/* End PBXGroup section */

/* Begin PBXNativeTarget section */
		2B90D1F11C73812300A04A78 /* TableViewTemplate */ = {
			isa = PBXNativeTarget;
			buildConfigurationList = 2B90D2071C73812400A04A78 /* Build configuration list for PBXNativeTarget "TableViewTemplate" */;
			buildPhases = (
				2B90D1EE1C73812300A04A78 /* Sources */,
				2B90D1EF1C73812300A04A78 /* Frameworks */,
				2B90D1F01C73812300A04A78 /* Resources */,
			);
			buildRules = (
			);
			dependencies = (
			);
			name = TableViewTemplate;
			productName = TableViewTemplate;
			productReference = 2B90D1F21C73812300A04A78 /* TableViewTemplate.app */;
			productType = "com.apple.product-type.application";
		};
/* End PBXNativeTarget section */

/* Begin PBXProject section */
		2B90D1EA1C73812300A04A78 /* Project object */ = {
			isa = PBXProject;
			attributes = {
				LastSwiftUpdateCheck = 0720;
				LastUpgradeCheck = 0720;
				ORGANIZATIONNAME = "Joe Edwards";
				TargetAttributes = {
					2B90D1F11C73812300A04A78 = {
						CreatedOnToolsVersion = 7.2.1;
					};
				};
			};
			buildConfigurationList = 2B90D1ED1C73812300A04A78 /* Build configuration list for PBXProject "TableViewTemplate" */;
			compatibilityVersion = "Xcode 3.2";
			developmentRegion = English;
			hasScannedForEncodings = 0;
			knownRegions = (
				en,
				Base,
			);
			mainGroup = 2B90D1E91C73812300A04A78;
			productRefGroup = 2B90D1F31C73812300A04A78 /* Products */;
			projectDirPath = "";
			projectRoot = "";
			targets = (
				2B90D1F11C73812300A04A78 /* TableViewTemplate */,
			);
		};
/* End PBXProject section */

/* Begin PBXResourcesBuildPhase section */
		2B90D1F01C73812300A04A78 /* Resources */ = {
			isa = PBXResourcesBuildPhase;
			buildActionMask = 2147483647;
			files = (
				2B90D2031C73812400A04A78 /* LaunchScreen.storyboard in Resources */,
				2B90D2001C73812400A04A78 /* Assets.xcassets in Resources */,
				2B90D1FB1C73812400A04A78 /* Main.storyboard in Resources */,
			);
			runOnlyForDeploymentPostprocessing = 0;
		};
/* End PBXResourcesBuildPhase section */

/* Begin PBXSourcesBuildPhase section */
		2B90D1EE1C73812300A04A78 /* Sources */ = {
			isa = PBXSourcesBuildPhase;
			buildActionMask = 2147483647;
			files = (
				2B90D1FE1C73812400A04A78 /* TableViewTemplate.xcdatamodeld in Sources */,
				2B90D20B1C73818600A04A78 /* TableViewController.swift in Sources */,
				2B90D1F61C73812400A04A78 /* AppDelegate.swift in Sources */,
			);
			runOnlyForDeploymentPostprocessing = 0;
		};
/* End PBXSourcesBuildPhase section */

/* Begin PBXVariantGroup section */
		2B90D1F91C73812400A04A78 /* Main.storyboard */ = {
			isa = PBXVariantGroup;
			children = (
				2B90D1FA1C73812400A04A78 /* Base */,
			);
			name = Main.storyboard;
			sourceTree = "<group>";
		};
		2B90D2011C73812400A04A78 /* LaunchScreen.storyboard */ = {
			isa = PBXVariantGroup;
			children = (
				2B90D2021C73812400A04A78 /* Base */,
			);
			name = LaunchScreen.storyboard;
			sourceTree = "<group>";
		};
/* End PBXVariantGroup section */

/* Begin XCBuildConfiguration section */
		2B90D2051C73812400A04A78 /* Debug */ = {
			isa = XCBuildConfiguration;
			buildSettings = {
				ALWAYS_SEARCH_USER_PATHS = NO;
				CLANG_CXX_LANGUAGE_STANDARD = "gnu++0x";
				CLANG_CXX_LIBRARY = "libc++";
				CLANG_ENABLE_MODULES = YES;
				CLANG_ENABLE_OBJC_ARC = YES;
				CLANG_WARN_BOOL_CONVERSION = YES;
				CLANG_WARN_CONSTANT_CONVERSION = YES;
				CLANG_WARN_DIRECT_OBJC_ISA_USAGE = YES_ERROR;
				CLANG_WARN_EMPTY_BODY = YES;
				CLANG_WARN_ENUM_CONVERSION = YES;
				CLANG_WARN_INT_CONVERSION = YES;
				CLANG_WARN_OBJC_ROOT_CLASS = YES_ERROR;
				CLANG_WARN_UNREACHABLE_CODE = YES;
				CLANG_WARN__DUPLICATE_METHOD_MATCH = YES;
				"CODE_SIGN_IDENTITY[sdk=iphoneos*]" = "iPhone Developer";
				COPY_PHASE_STRIP = NO;
				DEBUG_INFORMATION_FORMAT = dwarf;
				ENABLE_STRICT_OBJC_MSGSEND = YES;
				ENABLE_TESTABILITY = YES;
				GCC_C_LANGUAGE_STANDARD = gnu99;
				GCC_DYNAMIC_NO_PIC = NO;
				GCC_NO_COMMON_BLOCKS = YES;
				GCC_OPTIMIZATION_LEVEL = 0;
				GCC_PREPROCESSOR_DEFINITIONS = (
					"DEBUG=1",
					"$(inherited)",
				);
				GCC_WARN_64_TO_32_BIT_CONVERSION = YES;
				GCC_WARN_ABOUT_RETURN_TYPE = YES_ERROR;
				GCC_WARN_UNDECLARED_SELECTOR = YES;
				GCC_WARN_UNINITIALIZED_AUTOS = YES_AGGRESSIVE;
				GCC_WARN_UNUSED_FUNCTION = YES;
				GCC_WARN_UNUSED_VARIABLE = YES;
				IPHONEOS_DEPLOYMENT_TARGET = 9.2;
				MTL_ENABLE_DEBUG_INFO = YES;
				ONLY_ACTIVE_ARCH = YES;
				SDKROOT = iphoneos;
				SWIFT_OPTIMIZATION_LEVEL = "-Onone";
			};
			name = Debug;
		};
		2B90D2061C73812400A04A78 /* Release */ = {
			isa = XCBuildConfiguration;
			buildSettings = {
				ALWAYS_SEARCH_USER_PATHS = NO;
				CLANG_CXX_LANGUAGE_STANDARD = "gnu++0x";
				CLANG_CXX_LIBRARY = "libc++";
				CLANG_ENABLE_MODULES = YES;
				CLANG_ENABLE_OBJC_ARC = YES;
				CLANG_WARN_BOOL_CONVERSION = YES;
				CLANG_WARN_CONSTANT_CONVERSION = YES;
				CLANG_WARN_DIRECT_OBJC_ISA_USAGE = YES_ERROR;
				CLANG_WARN_EMPTY_BODY = YES;
				CLANG_WARN_ENUM_CONVERSION = YES;
				CLANG_WARN_INT_CONVERSION = YES;
				CLANG_WARN_OBJC_ROOT_CLASS = YES_ERROR;
				CLANG_WARN_UNREACHABLE_CODE = YES;
				CLANG_WARN__DUPLICATE_METHOD_MATCH = YES;
				"CODE_SIGN_IDENTITY[sdk=iphoneos*]" = "iPhone Developer";
				COPY_PHASE_STRIP = NO;
				DEBUG_INFORMATION_FORMAT = "dwarf-with-dsym";
				ENABLE_NS_ASSERTIONS = NO;
				ENABLE_STRICT_OBJC_MSGSEND = YES;
				GCC_C_LANGUAGE_STANDARD = gnu99;
				GCC_NO_COMMON_BLOCKS = YES;
				GCC_WARN_64_TO_32_BIT_CONVERSION = YES;
				GCC_WARN_ABOUT_RETURN_TYPE = YES_ERROR;
				GCC_WARN_UNDECLARED_SELECTOR = YES;
				GCC_WARN_UNINITIALIZED_AUTOS = YES_AGGRESSIVE;
				GCC_WARN_UNUSED_FUNCTION = YES;
				GCC_WARN_UNUSED_VARIABLE = YES;
				IPHONEOS_DEPLOYMENT_TARGET = 9.2;
				MTL_ENABLE_DEBUG_INFO = NO;
				SDKROOT = iphoneos;
				VALIDATE_PRODUCT = YES;
			};
			name = Release;
		};
		2B90D2081C73812400A04A78 /* Debug */ = {
			isa = XCBuildConfiguration;
			buildSettings = {
				ASSETCATALOG_COMPILER_APPICON_NAME = AppIcon;
				INFOPLIST_FILE = TableViewTemplate/Info.plist;
				LD_RUNPATH_SEARCH_PATHS = "$(inherited) @executable_path/Frameworks";
				PRODUCT_BUNDLE_IDENTIFIER = com.Montchat.TableViewTemplate;
				PRODUCT_NAME = "$(TARGET_NAME)";
			};
			name = Debug;
		};
		2B90D2091C73812400A04A78 /* Release */ = {
			isa = XCBuildConfiguration;
			buildSettings = {
				ASSETCATALOG_COMPILER_APPICON_NAME = AppIcon;
				INFOPLIST_FILE = TableViewTemplate/Info.plist;
				LD_RUNPATH_SEARCH_PATHS = "$(inherited) @executable_path/Frameworks";
				PRODUCT_BUNDLE_IDENTIFIER = com.Montchat.TableViewTemplate;
				PRODUCT_NAME = "$(TARGET_NAME)";
			};
			name = Release;
		};
/* End XCBuildConfiguration section */

/* Begin XCConfigurationList section */
		2B90D1ED1C73812300A04A78 /* Build configuration list for PBXProject "TableViewTemplate" */ = {
			isa = XCConfigurationList;
			buildConfigurations = (
				2B90D2051C73812400A04A78 /* Debug */,
				2B90D2061C73812400A04A78 /* Release */,
			);
			defaultConfigurationIsVisible = 0;
			defaultConfigurationName = Release;
		};
		2B90D2071C73812400A04A78 /* Build configuration list for PBXNativeTarget "TableViewTemplate" */ = {
			isa = XCConfigurationList;
			buildConfigurations = (
				2B90D2081C73812400A04A78 /* Debug */,
				2B90D2091C73812400A04A78 /* Release */,
			);
			defaultConfigurationIsVisible = 0;
		};
/* End XCConfigurationList section */

/* Begin XCVersionGroup section */
		2B90D1FC1C73812400A04A78 /* TableViewTemplate.xcdatamodeld */ = {
			isa = XCVersionGroup;
			children = (
				2B90D1FD1C73812400A04A78 /* TableViewTemplate.xcdatamodel */,
			);
			currentVersion = 2B90D1FD1C73812400A04A78 /* TableViewTemplate.xcdatamodel */;
			path = TableViewTemplate.xcdatamodeld;
			sourceTree = "<group>";
			versionGroupType = wrapper.xcdatamodel;
		};
/* End XCVersionGroup section */
	};
	rootObject = 2B90D1EA1C73812300A04A78 /* Project object */;
}
